
Microsoft Visual Studio Solution File, Format Version 12.00
# Visual Studio 14
VisualStudioVersion = 14.0.25123.0
MinimumVisualStudioVersion = 10.0.40219.1
Project("{FAE04EC0-301F-11D3-BF4B-00C04F79EFBC}") = "CsharpCity", "CsharpCity\CsharpCity.csproj", "{7F8BB846-07EB-4D83-813C-38381ACD9908}"
EndProject
Project("{FAE04EC0-301F-11D3-BF4B-00C04F79EFBC}") = "CSharpCity.uitwerking", "CSharpCity.uitwerking\CSharpCity.uitwerking.csproj", "{858BA014-F37F-417C-83EF-F524CC0EB0C1}"
EndProject
Global
	GlobalSection(SolutionConfigurationPlatforms) = preSolution
		Debug|Any CPU = Debug|Any CPU
		Release|Any CPU = Release|Any CPU
	EndGlobalSection
	GlobalSection(ProjectConfigurationPlatforms) = postSolution
		{7F8BB846-07EB-4D83-813C-38381ACD9908}.Debug|Any CPU.ActiveCfg = Debug|Any CPU
		{7F8BB846-07EB-4D83-813C-38381ACD9908}.Debug|Any CPU.Build.0 = Debug|Any CPU
		{7F8BB846-07EB-4D83-813C-38381ACD9908}.Release|Any CPU.ActiveCfg = Release|Any CPU
		{7F8BB846-07EB-4D83-813C-38381ACD9908}.Release|Any CPU.Build.0 = Release|Any CPU
		{858BA014-F37F-417C-83EF-F524CC0EB0C1}.Debug|Any CPU.ActiveCfg = Debug|Any CPU
		{858BA014-F37F-417C-83EF-F524CC0EB0C1}.Debug|Any CPU.Build.0 = Debug|Any CPU
		{858BA014-F37F-417C-83EF-F524CC0EB0C1}.Release|Any CPU.ActiveCfg = Release|Any CPU
		{858BA014-F37F-417C-83EF-F524CC0EB0C1}.Release|Any CPU.Build.0 = Release|Any CPU
	EndGlobalSection
	GlobalSection(SolutionProperties) = preSolution
		HideSolutionNode = FALSE
	EndGlobalSection
EndGlobal
