
Microsoft Visual Studio Solution File, Format Version 12.00
# Visual Studio Version 16
VisualStudioVersion = 16.0.29318.209
MinimumVisualStudioVersion = 10.0.40219.1
Project("{FAE04EC0-301F-11D3-BF4B-00C04F79EFBC}") = "NinjaManager", "NinjaManager\NinjaManager.csproj", "{5FB084C3-63CE-426B-B932-BD79FB6D3B94}"
EndProject
Project("{FAE04EC0-301F-11D3-BF4B-00C04F79EFBC}") = "NinjaManager.Domain", "NinjaManager.Domain\NinjaManager.Domain.csproj", "{1E629604-19A4-4F12-BC3B-D37CC8E8F415}"
EndProject
Project("{00D1A9C2-B5F0-4AF3-8072-F6C62B433612}") = "NinjaManager.Database", "NinjaManager.Database\NinjaManager.Database.sqlproj", "{81AE3455-F19B-40AF-81B1-5A77FE0FFDC4}"
EndProject
Global
	GlobalSection(SolutionConfigurationPlatforms) = preSolution
		Debug|Any CPU = Debug|Any CPU
		Release|Any CPU = Release|Any CPU
	EndGlobalSection
	GlobalSection(ProjectConfigurationPlatforms) = postSolution
		{5FB084C3-63CE-426B-B932-BD79FB6D3B94}.Debug|Any CPU.ActiveCfg = Debug|Any CPU
		{5FB084C3-63CE-426B-B932-BD79FB6D3B94}.Debug|Any CPU.Build.0 = Debug|Any CPU
		{5FB084C3-63CE-426B-B932-BD79FB6D3B94}.Release|Any CPU.ActiveCfg = Release|Any CPU
		{5FB084C3-63CE-426B-B932-BD79FB6D3B94}.Release|Any CPU.Build.0 = Release|Any CPU
		{1E629604-19A4-4F12-BC3B-D37CC8E8F415}.Debug|Any CPU.ActiveCfg = Debug|Any CPU
		{1E629604-19A4-4F12-BC3B-D37CC8E8F415}.Debug|Any CPU.Build.0 = Debug|Any CPU
		{1E629604-19A4-4F12-BC3B-D37CC8E8F415}.Release|Any CPU.ActiveCfg = Release|Any CPU
		{1E629604-19A4-4F12-BC3B-D37CC8E8F415}.Release|Any CPU.Build.0 = Release|Any CPU
		{81AE3455-F19B-40AF-81B1-5A77FE0FFDC4}.Debug|Any CPU.ActiveCfg = Debug|Any CPU
		{81AE3455-F19B-40AF-81B1-5A77FE0FFDC4}.Debug|Any CPU.Build.0 = Debug|Any CPU
		{81AE3455-F19B-40AF-81B1-5A77FE0FFDC4}.Debug|Any CPU.Deploy.0 = Debug|Any CPU
		{81AE3455-F19B-40AF-81B1-5A77FE0FFDC4}.Release|Any CPU.ActiveCfg = Release|Any CPU
		{81AE3455-F19B-40AF-81B1-5A77FE0FFDC4}.Release|Any CPU.Build.0 = Release|Any CPU
		{81AE3455-F19B-40AF-81B1-5A77FE0FFDC4}.Release|Any CPU.Deploy.0 = Release|Any CPU
	EndGlobalSection
	GlobalSection(SolutionProperties) = preSolution
		HideSolutionNode = FALSE
	EndGlobalSection
	GlobalSection(ExtensibilityGlobals) = postSolution
		SolutionGuid = {09E8FFAD-3D36-4CE6-82ED-840D39DD4B0D}
	EndGlobalSection
EndGlobal
